
Microsoft Visual Studio Solution File, Format Version 12.00
# Visual Studio Version 17
VisualStudioVersion = 17.6.33723.286
MinimumVisualStudioVersion = 10.0.40219.1
Project("{FAE04EC0-301F-11D3-BF4B-00C04F79EFBC}") = "EmpiricalStatistics Web App", "EmpiricalStatistics Web App.csproj", "{FDEEA145-E9E2-47BF-9FAA-451FF5662AC8}"
EndProject
Global
	GlobalSection(SolutionConfigurationPlatforms) = preSolution
		Debug|Any CPU = Debug|Any CPU
		Release|Any CPU = Release|Any CPU
	EndGlobalSection
	GlobalSection(ProjectConfigurationPlatforms) = postSolution
		{FDEEA145-E9E2-47BF-9FAA-451FF5662AC8}.Debug|Any CPU.ActiveCfg = Debug|Any CPU
		{FDEEA145-E9E2-47BF-9FAA-451FF5662AC8}.Debug|Any CPU.Build.0 = Debug|Any CPU
		{FDEEA145-E9E2-47BF-9FAA-451FF5662AC8}.Release|Any CPU.ActiveCfg = Release|Any CPU
		{FDEEA145-E9E2-47BF-9FAA-451FF5662AC8}.Release|Any CPU.Build.0 = Release|Any CPU
	EndGlobalSection
	GlobalSection(SolutionProperties) = preSolution
		HideSolutionNode = FALSE
	EndGlobalSection
	GlobalSection(ExtensibilityGlobals) = postSolution
		SolutionGuid = {03616204-9249-4B54-92FC-CE8AD4FE727D}
	EndGlobalSection
EndGlobal
